// !$*UTF8*$!
{
	archiveVersion = 1;
	classes = {
	};
	objectVersion = 55;
	objects = {

/* Begin PBXBuildFile section */
		7E5E64F0279D58E900A660CE /* LocationPreviewView.swift in Sources */ = {isa = PBXBuildFile; fileRef = 7E5E64EF279D58E900A660CE /* LocationPreviewView.swift */; };
		7E5E64F2279D71B700A660CE /* LocationMapAnnotationView.swift in Sources */ = {isa = PBXBuildFile; fileRef = 7E5E64F1279D71B600A660CE /* LocationMapAnnotationView.swift */; };
		7E69F18C279AA32400D1B052 /* LocationsView.swift in Sources */ = {isa = PBXBuildFile; fileRef = 7E69F18B279AA32400D1B052 /* LocationsView.swift */; };
		7E69F18E279AA37800D1B052 /* LocationsViewModel.swift in Sources */ = {isa = PBXBuildFile; fileRef = 7E69F18D279AA37800D1B052 /* LocationsViewModel.swift */; };
		7E69F190279B0FC700D1B052 /* LocationsListView.swift in Sources */ = {isa = PBXBuildFile; fileRef = 7E69F18F279B0FC600D1B052 /* LocationsListView.swift */; };
		7E6D47FB27A7260000C46E54 /* LocationDetailView.swift in Sources */ = {isa = PBXBuildFile; fileRef = 7E6D47FA27A7260000C46E54 /* LocationDetailView.swift */; };
		7EC800002799B60700DFAE59 /* Xam_MapApp.swift in Sources */ = {isa = PBXBuildFile; fileRef = 7EC8FFFF2799B60700DFAE59 /* Xam_MapApp.swift */; };
		7EC800072799B60B00DFAE59 /* Preview Assets.xcassets in Resources */ = {isa = PBXBuildFile; fileRef = 7EC800062799B60B00DFAE59 /* Preview Assets.xcassets */; };
		7EC8000E2799B71C00DFAE59 /* Assets.xcassets in Resources */ = {isa = PBXBuildFile; fileRef = 7EC8000D2799B71C00DFAE59 /* Assets.xcassets */; };
		7EC800132799B82D00DFAE59 /* Location.swift in Sources */ = {isa = PBXBuildFile; fileRef = 7EC800122799B82D00DFAE59 /* Location.swift */; };
		7EC800162799B94300DFAE59 /* LocationsDataService.swift in Sources */ = {isa = PBXBuildFile; fileRef = 7EC800152799B94300DFAE59 /* LocationsDataService.swift */; };
		7EC800182799BA2800DFAE59 /* ContentView.swift in Sources */ = {isa = PBXBuildFile; fileRef = 7EC800172799BA2800DFAE59 /* ContentView.swift */; };
/* End PBXBuildFile section */

/* Begin PBXFileReference section */
		7E5E64EF279D58E900A660CE /* LocationPreviewView.swift */ = {isa = PBXFileReference; lastKnownFileType = sourcecode.swift; path = LocationPreviewView.swift; sourceTree = "<group>"; };
		7E5E64F1279D71B600A660CE /* LocationMapAnnotationView.swift */ = {isa = PBXFileReference; lastKnownFileType = sourcecode.swift; path = LocationMapAnnotationView.swift; sourceTree = "<group>"; };
		7E69F18B279AA32400D1B052 /* LocationsView.swift */ = {isa = PBXFileReference; lastKnownFileType = sourcecode.swift; path = LocationsView.swift; sourceTree = "<group>"; };
		7E69F18D279AA37800D1B052 /* LocationsViewModel.swift */ = {isa = PBXFileReference; lastKnownFileType = sourcecode.swift; path = LocationsViewModel.swift; sourceTree = "<group>"; };
		7E69F18F279B0FC600D1B052 /* LocationsListView.swift */ = {isa = PBXFileReference; lastKnownFileType = sourcecode.swift; path = LocationsListView.swift; sourceTree = "<group>"; };
		7E6D47FA27A7260000C46E54 /* LocationDetailView.swift */ = {isa = PBXFileReference; lastKnownFileType = sourcecode.swift; path = LocationDetailView.swift; sourceTree = "<group>"; };
		7EC800062799B60B00DFAE59 /* Preview Assets.xcassets */ = {isa = PBXFileReference; lastKnownFileType = folder.assetcatalog; path = "Preview Assets.xcassets"; sourceTree = "<group>"; };
		7EC8000D2799B71C00DFAE59 /* Assets.xcassets */ = {isa = PBXFileReference; lastKnownFileType = folder.assetcatalog; path = Assets.xcassets; sourceTree = "<group>"; };
		7EC800122799B82D00DFAE59 /* Location.swift */ = {isa = PBXFileReference; lastKnownFileType = sourcecode.swift; path = Location.swift; sourceTree = "<group>"; };
		7EC800152799B94300DFAE59 /* LocationsDataService.swift */ = {isa = PBXFileReference; fileEncoding = 4; lastKnownFileType = sourcecode.swift; path = LocationsDataService.swift; sourceTree = "<group>"; };
		7EC800172799BA2800DFAE59 /* ContentView.swift */ = {isa = PBXFileReference; fileEncoding = 4; lastKnownFileType = sourcecode.swift; path = ContentView.swift; sourceTree = "<group>"; };
		7EC8FFFC2799B60700DFAE59 /* Xam Map.app */ = {isa = PBXFileReference; explicitFileType = wrapper.application; includeInIndex = 0; path = "Xam Map.app"; sourceTree = BUILT_PRODUCTS_DIR; };
		7EC8FFFF2799B60700DFAE59 /* Xam_MapApp.swift */ = {isa = PBXFileReference; lastKnownFileType = sourcecode.swift; path = Xam_MapApp.swift; sourceTree = "<group>"; };
		7EF69B2027A7D48700FB0AD7 /* Xam-Map-Info.plist */ = {isa = PBXFileReference; lastKnownFileType = text.plist; path = "Xam-Map-Info.plist"; sourceTree = SOURCE_ROOT; };
/* End PBXFileReference section */

/* Begin PBXFrameworksBuildPhase section */
		7EC8FFF92799B60700DFAE59 /* Frameworks */ = {
			isa = PBXFrameworksBuildPhase;
			buildActionMask = 2147483647;
			files = (
			);
			runOnlyForDeploymentPostprocessing = 0;
		};
/* End PBXFrameworksBuildPhase section */

/* Begin PBXGroup section */
		7EC800052799B60B00DFAE59 /* Preview Content */ = {
			isa = PBXGroup;
			children = (
				7EC800062799B60B00DFAE59 /* Preview Assets.xcassets */,
			);
			path = "Preview Content";
			sourceTree = "<group>";
		};
		7EC8000F2799B7F500DFAE59 /* Models */ = {
			isa = PBXGroup;
			children = (
				7EC800122799B82D00DFAE59 /* Location.swift */,
			);
			path = Models;
			sourceTree = "<group>";
		};
		7EC800102799B7FD00DFAE59 /* Views */ = {
			isa = PBXGroup;
			children = (
				7E6D47FA27A7260000C46E54 /* LocationDetailView.swift */,
				7E69F18B279AA32400D1B052 /* LocationsView.swift */,
				7E69F18F279B0FC600D1B052 /* LocationsListView.swift */,
				7E5E64EF279D58E900A660CE /* LocationPreviewView.swift */,
				7E5E64F1279D71B600A660CE /* LocationMapAnnotationView.swift */,
			);
			path = Views;
			sourceTree = "<group>";
		};
		7EC800112799B80400DFAE59 /* View Models */ = {
			isa = PBXGroup;
			children = (
				7E69F18D279AA37800D1B052 /* LocationsViewModel.swift */,
			);
			path = "View Models";
			sourceTree = "<group>";
		};
		7EC800142799B91700DFAE59 /* Data Services */ = {
			isa = PBXGroup;
			children = (
				7EC800152799B94300DFAE59 /* LocationsDataService.swift */,
			);
			path = "Data Services";
			sourceTree = "<group>";
		};
		7EC8FFF32799B60700DFAE59 = {
			isa = PBXGroup;
			children = (
				7EC8FFFE2799B60700DFAE59 /* Xam Map */,
				7EC8FFFD2799B60700DFAE59 /* Products */,
			);
			sourceTree = "<group>";
		};
		7EC8FFFD2799B60700DFAE59 /* Products */ = {
			isa = PBXGroup;
			children = (
				7EC8FFFC2799B60700DFAE59 /* Xam Map.app */,
			);
			name = Products;
			sourceTree = "<group>";
		};
		7EC8FFFE2799B60700DFAE59 /* Xam Map */ = {
			isa = PBXGroup;
			children = (
				7EF69B2027A7D48700FB0AD7 /* Xam-Map-Info.plist */,
				7EC800172799BA2800DFAE59 /* ContentView.swift */,
				7EC8FFFF2799B60700DFAE59 /* Xam_MapApp.swift */,
				7EC800142799B91700DFAE59 /* Data Services */,
				7EC800112799B80400DFAE59 /* View Models */,
				7EC800102799B7FD00DFAE59 /* Views */,
				7EC8000F2799B7F500DFAE59 /* Models */,
				7EC8000D2799B71C00DFAE59 /* Assets.xcassets */,
				7EC800052799B60B00DFAE59 /* Preview Content */,
			);
			path = "Xam Map";
			sourceTree = "<group>";
		};
/* End PBXGroup section */

/* Begin PBXNativeTarget section */
		7EC8FFFB2799B60700DFAE59 /* Xam Map */ = {
			isa = PBXNativeTarget;
			buildConfigurationList = 7EC8000A2799B60B00DFAE59 /* Build configuration list for PBXNativeTarget "Xam Map" */;
			buildPhases = (
				7EC8FFF82799B60700DFAE59 /* Sources */,
				7EC8FFF92799B60700DFAE59 /* Frameworks */,
				7EC8FFFA2799B60700DFAE59 /* Resources */,
			);
			buildRules = (
			);
			dependencies = (
			);
			name = "Xam Map";
			productName = "Xam Map";
			productReference = 7EC8FFFC2799B60700DFAE59 /* Xam Map.app */;
			productType = "com.apple.product-type.application";
		};
/* End PBXNativeTarget section */

/* Begin PBXProject section */
		7EC8FFF42799B60700DFAE59 /* Project object */ = {
			isa = PBXProject;
			attributes = {
				BuildIndependentTargetsInParallel = 1;
				LastSwiftUpdateCheck = 1320;
				LastUpgradeCheck = 1320;
				TargetAttributes = {
					7EC8FFFB2799B60700DFAE59 = {
						CreatedOnToolsVersion = 13.2.1;
					};
				};
			};
			buildConfigurationList = 7EC8FFF72799B60700DFAE59 /* Build configuration list for PBXProject "Xam Map" */;
			compatibilityVersion = "Xcode 13.0";
			developmentRegion = en;
			hasScannedForEncodings = 0;
			knownRegions = (
				en,
				Base,
			);
			mainGroup = 7EC8FFF32799B60700DFAE59;
			productRefGroup = 7EC8FFFD2799B60700DFAE59 /* Products */;
			projectDirPath = "";
			projectRoot = "";
			targets = (
				7EC8FFFB2799B60700DFAE59 /* Xam Map */,
			);
		};
/* End PBXProject section */

/* Begin PBXResourcesBuildPhase section */
		7EC8FFFA2799B60700DFAE59 /* Resources */ = {
			isa = PBXResourcesBuildPhase;
			buildActionMask = 2147483647;
			files = (
				7EC8000E2799B71C00DFAE59 /* Assets.xcassets in Resources */,
				7EC800072799B60B00DFAE59 /* Preview Assets.xcassets in Resources */,
			);
			runOnlyForDeploymentPostprocessing = 0;
		};
/* End PBXResourcesBuildPhase section */

/* Begin PBXSourcesBuildPhase section */
		7EC8FFF82799B60700DFAE59 /* Sources */ = {
			isa = PBXSourcesBuildPhase;
			buildActionMask = 2147483647;
			files = (
				7EC800132799B82D00DFAE59 /* Location.swift in Sources */,
				7E5E64F2279D71B700A660CE /* LocationMapAnnotationView.swift in Sources */,
				7E69F18E279AA37800D1B052 /* LocationsViewModel.swift in Sources */,
				7E5E64F0279D58E900A660CE /* LocationPreviewView.swift in Sources */,
				7E69F190279B0FC700D1B052 /* LocationsListView.swift in Sources */,
				7EC800002799B60700DFAE59 /* Xam_MapApp.swift in Sources */,
				7E69F18C279AA32400D1B052 /* LocationsView.swift in Sources */,
				7EC800182799BA2800DFAE59 /* ContentView.swift in Sources */,
				7E6D47FB27A7260000C46E54 /* LocationDetailView.swift in Sources */,
				7EC800162799B94300DFAE59 /* LocationsDataService.swift in Sources */,
			);
			runOnlyForDeploymentPostprocessing = 0;
		};
/* End PBXSourcesBuildPhase section */

/* Begin XCBuildConfiguration section */
		7EC800082799B60B00DFAE59 /* Debug */ = {
			isa = XCBuildConfiguration;
			buildSettings = {
				ALWAYS_SEARCH_USER_PATHS = NO;
				CLANG_ANALYZER_NONNULL = YES;
				CLANG_ANALYZER_NUMBER_OBJECT_CONVERSION = YES_AGGRESSIVE;
				CLANG_CXX_LANGUAGE_STANDARD = "gnu++17";
				CLANG_CXX_LIBRARY = "libc++";
				CLANG_ENABLE_MODULES = YES;
				CLANG_ENABLE_OBJC_ARC = YES;
				CLANG_ENABLE_OBJC_WEAK = YES;
				CLANG_WARN_BLOCK_CAPTURE_AUTORELEASING = YES;
				CLANG_WARN_BOOL_CONVERSION = YES;
				CLANG_WARN_COMMA = YES;
				CLANG_WARN_CONSTANT_CONVERSION = YES;
				CLANG_WARN_DEPRECATED_OBJC_IMPLEMENTATIONS = YES;
				CLANG_WARN_DIRECT_OBJC_ISA_USAGE = YES_ERROR;
				CLANG_WARN_DOCUMENTATION_COMMENTS = YES;
				CLANG_WARN_EMPTY_BODY = YES;
				CLANG_WARN_ENUM_CONVERSION = YES;
				CLANG_WARN_INFINITE_RECURSION = YES;
				CLANG_WARN_INT_CONVERSION = YES;
				CLANG_WARN_NON_LITERAL_NULL_CONVERSION = YES;
				CLANG_WARN_OBJC_IMPLICIT_RETAIN_SELF = YES;
				CLANG_WARN_OBJC_LITERAL_CONVERSION = YES;
				CLANG_WARN_OBJC_ROOT_CLASS = YES_ERROR;
				CLANG_WARN_QUOTED_INCLUDE_IN_FRAMEWORK_HEADER = YES;
				CLANG_WARN_RANGE_LOOP_ANALYSIS = YES;
				CLANG_WARN_STRICT_PROTOTYPES = YES;
				CLANG_WARN_SUSPICIOUS_MOVE = YES;
				CLANG_WARN_UNGUARDED_AVAILABILITY = YES_AGGRESSIVE;
				CLANG_WARN_UNREACHABLE_CODE = YES;
				CLANG_WARN__DUPLICATE_METHOD_MATCH = YES;
				COPY_PHASE_STRIP = NO;
				DEBUG_INFORMATION_FORMAT = dwarf;
				ENABLE_STRICT_OBJC_MSGSEND = YES;
				ENABLE_TESTABILITY = YES;
				GCC_C_LANGUAGE_STANDARD = gnu11;
				GCC_DYNAMIC_NO_PIC = NO;
				GCC_NO_COMMON_BLOCKS = YES;
				GCC_OPTIMIZATION_LEVEL = 0;
				GCC_PREPROCESSOR_DEFINITIONS = (
					"DEBUG=1",
					"$(inherited)",
				);
				GCC_WARN_64_TO_32_BIT_CONVERSION = YES;
				GCC_WARN_ABOUT_RETURN_TYPE = YES_ERROR;
				GCC_WARN_UNDECLARED_SELECTOR = YES;
				GCC_WARN_UNINITIALIZED_AUTOS = YES_AGGRESSIVE;
				GCC_WARN_UNUSED_FUNCTION = YES;
				GCC_WARN_UNUSED_VARIABLE = YES;
				IPHONEOS_DEPLOYMENT_TARGET = 15.2;
				MTL_ENABLE_DEBUG_INFO = INCLUDE_SOURCE;
				MTL_FAST_MATH = YES;
				ONLY_ACTIVE_ARCH = YES;
				SDKROOT = iphoneos;
				SWIFT_ACTIVE_COMPILATION_CONDITIONS = DEBUG;
				SWIFT_OPTIMIZATION_LEVEL = "-Onone";
			};
			name = Debug;
		};
		7EC800092799B60B00DFAE59 /* Release */ = {
			isa = XCBuildConfiguration;
			buildSettings = {
				ALWAYS_SEARCH_USER_PATHS = NO;
				CLANG_ANALYZER_NONNULL = YES;
				CLANG_ANALYZER_NUMBER_OBJECT_CONVERSION = YES_AGGRESSIVE;
				CLANG_CXX_LANGUAGE_STANDARD = "gnu++17";
				CLANG_CXX_LIBRARY = "libc++";
				CLANG_ENABLE_MODULES = YES;
				CLANG_ENABLE_OBJC_ARC = YES;
				CLANG_ENABLE_OBJC_WEAK = YES;
				CLANG_WARN_BLOCK_CAPTURE_AUTORELEASING = YES;
				CLANG_WARN_BOOL_CONVERSION = YES;
				CLANG_WARN_COMMA = YES;
				CLANG_WARN_CONSTANT_CONVERSION = YES;
				CLANG_WARN_DEPRECATED_OBJC_IMPLEMENTATIONS = YES;
				CLANG_WARN_DIRECT_OBJC_ISA_USAGE = YES_ERROR;
				CLANG_WARN_DOCUMENTATION_COMMENTS = YES;
				CLANG_WARN_EMPTY_BODY = YES;
				CLANG_WARN_ENUM_CONVERSION = YES;
				CLANG_WARN_INFINITE_RECURSION = YES;
				CLANG_WARN_INT_CONVERSION = YES;
				CLANG_WARN_NON_LITERAL_NULL_CONVERSION = YES;
				CLANG_WARN_OBJC_IMPLICIT_RETAIN_SELF = YES;
				CLANG_WARN_OBJC_LITERAL_CONVERSION = YES;
				CLANG_WARN_OBJC_ROOT_CLASS = YES_ERROR;
				CLANG_WARN_QUOTED_INCLUDE_IN_FRAMEWORK_HEADER = YES;
				CLANG_WARN_RANGE_LOOP_ANALYSIS = YES;
				CLANG_WARN_STRICT_PROTOTYPES = YES;
				CLANG_WARN_SUSPICIOUS_MOVE = YES;
				CLANG_WARN_UNGUARDED_AVAILABILITY = YES_AGGRESSIVE;
				CLANG_WARN_UNREACHABLE_CODE = YES;
				CLANG_WARN__DUPLICATE_METHOD_MATCH = YES;
				COPY_PHASE_STRIP = NO;
				DEBUG_INFORMATION_FORMAT = "dwarf-with-dsym";
				ENABLE_NS_ASSERTIONS = NO;
				ENABLE_STRICT_OBJC_MSGSEND = YES;
				GCC_C_LANGUAGE_STANDARD = gnu11;
				GCC_NO_COMMON_BLOCKS = YES;
				GCC_WARN_64_TO_32_BIT_CONVERSION = YES;
				GCC_WARN_ABOUT_RETURN_TYPE = YES_ERROR;
				GCC_WARN_UNDECLARED_SELECTOR = YES;
				GCC_WARN_UNINITIALIZED_AUTOS = YES_AGGRESSIVE;
				GCC_WARN_UNUSED_FUNCTION = YES;
				GCC_WARN_UNUSED_VARIABLE = YES;
				IPHONEOS_DEPLOYMENT_TARGET = 15.2;
				MTL_ENABLE_DEBUG_INFO = NO;
				MTL_FAST_MATH = YES;
				SDKROOT = iphoneos;
				SWIFT_COMPILATION_MODE = wholemodule;
				SWIFT_OPTIMIZATION_LEVEL = "-O";
				VALIDATE_PRODUCT = YES;
			};
			name = Release;
		};
		7EC8000B2799B60B00DFAE59 /* Debug */ = {
			isa = XCBuildConfiguration;
			buildSettings = {
				ASSETCATALOG_COMPILER_APPICON_NAME = AppIcon;
				ASSETCATALOG_COMPILER_GLOBAL_ACCENT_COLOR_NAME = AccentColor;
				CODE_SIGN_STYLE = Automatic;
				CURRENT_PROJECT_VERSION = 1;
				DEVELOPMENT_ASSET_PATHS = "\"Xam Map/Preview Content\"";
				DEVELOPMENT_TEAM = 9H72WHV7UU;
				ENABLE_PREVIEWS = YES;
				GENERATE_INFOPLIST_FILE = YES;
				INFOPLIST_FILE = "Xam-Map-Info.plist";
				INFOPLIST_KEY_UIApplicationSceneManifest_Generation = YES;
				INFOPLIST_KEY_UIApplicationSupportsIndirectInputEvents = YES;
				INFOPLIST_KEY_UISupportedInterfaceOrientations = UIInterfaceOrientationPortrait;
				INFOPLIST_KEY_UISupportedInterfaceOrientations_iPad = "UIInterfaceOrientationPortrait UIInterfaceOrientationPortraitUpsideDown UIInterfaceOrientationLandscapeLeft UIInterfaceOrientationLandscapeRight";
				INFOPLIST_KEY_UISupportedInterfaceOrientations_iPhone = UIInterfaceOrientationPortrait;
				LD_RUNPATH_SEARCH_PATHS = (
					"$(inherited)",
					"@executable_path/Frameworks",
				);
				MARKETING_VERSION = 1.0;
				PRODUCT_BUNDLE_IDENTIFIER = "samuelOfori.Xam-Map";
				PRODUCT_NAME = "$(TARGET_NAME)";
				SWIFT_EMIT_LOC_STRINGS = YES;
				SWIFT_VERSION = 5.0;
				TARGETED_DEVICE_FAMILY = "1,2";
			};
			name = Debug;
		};
		7EC8000C2799B60B00DFAE59 /* Release */ = {
			isa = XCBuildConfiguration;
			buildSettings = {
				ASSETCATALOG_COMPILER_APPICON_NAME = AppIcon;
				ASSETCATALOG_COMPILER_GLOBAL_ACCENT_COLOR_NAME = AccentColor;
				CODE_SIGN_STYLE = Automatic;
				CURRENT_PROJECT_VERSION = 1;
				DEVELOPMENT_ASSET_PATHS = "\"Xam Map/Preview Content\"";
				DEVELOPMENT_TEAM = 9H72WHV7UU;
				ENABLE_PREVIEWS = YES;
				GENERATE_INFOPLIST_FILE = YES;
				INFOPLIST_FILE = "Xam-Map-Info.plist";
				INFOPLIST_KEY_UIApplicationSceneManifest_Generation = YES;
				INFOPLIST_KEY_UIApplicationSupportsIndirectInputEvents = YES;
				INFOPLIST_KEY_UISupportedInterfaceOrientations = UIInterfaceOrientationPortrait;
				INFOPLIST_KEY_UISupportedInterfaceOrientations_iPad = "UIInterfaceOrientationPortrait UIInterfaceOrientationPortraitUpsideDown UIInterfaceOrientationLandscapeLeft UIInterfaceOrientationLandscapeRight";
				INFOPLIST_KEY_UISupportedInterfaceOrientations_iPhone = UIInterfaceOrientationPortrait;
				LD_RUNPATH_SEARCH_PATHS = (
					"$(inherited)",
					"@executable_path/Frameworks",
				);
				MARKETING_VERSION = 1.0;
				PRODUCT_BUNDLE_IDENTIFIER = "samuelOfori.Xam-Map";
				PRODUCT_NAME = "$(TARGET_NAME)";
				SWIFT_EMIT_LOC_STRINGS = YES;
				SWIFT_VERSION = 5.0;
				TARGETED_DEVICE_FAMILY = "1,2";
			};
			name = Release;
		};
/* End XCBuildConfiguration section */

/* Begin XCConfigurationList section */
		7EC8000A2799B60B00DFAE59 /* Build configuration list for PBXNativeTarget "Xam Map" */ = {
			isa = XCConfigurationList;
			buildConfigurations = (
				7EC8000B2799B60B00DFAE59 /* Debug */,
				7EC8000C2799B60B00DFAE59 /* Release */,
			);
			defaultConfigurationIsVisible = 0;
			defaultConfigurationName = Release;
		};
		7EC8FFF72799B60700DFAE59 /* Build configuration list for PBXProject "Xam Map" */ = {
			isa = XCConfigurationList;
			buildConfigurations = (
				7EC800082799B60B00DFAE59 /* Debug */,
				7EC800092799B60B00DFAE59 /* Release */,
			);
			defaultConfigurationIsVisible = 0;
			defaultConfigurationName = Release;
		};
/* End XCConfigurationList section */
	};
	rootObject = 7EC8FFF42799B60700DFAE59 /* Project object */;
}
